// !$*UTF8*$!
{
	archiveVersion = 1;
	classes = {
	};
	objectVersion = 55;
	objects = {

/* Begin PBXBuildFile section */
		895BC5A028B4B538008F3B6F /* AppDelegate.swift in Sources */ = {isa = PBXBuildFile; fileRef = 895BC59F28B4B538008F3B6F /* AppDelegate.swift */; };
		895BC5A228B4B538008F3B6F /* SceneDelegate.swift in Sources */ = {isa = PBXBuildFile; fileRef = 895BC5A128B4B538008F3B6F /* SceneDelegate.swift */; };
		895BC5A428B4B538008F3B6F /* ViewController.swift in Sources */ = {isa = PBXBuildFile; fileRef = 895BC5A328B4B538008F3B6F /* ViewController.swift */; };
		895BC5A728B4B538008F3B6F /* Main.storyboard in Resources */ = {isa = PBXBuildFile; fileRef = 895BC5A528B4B538008F3B6F /* Main.storyboard */; };
		895BC5AA28B4B538008F3B6F /* focus.xcdatamodeld in Sources */ = {isa = PBXBuildFile; fileRef = 895BC5A828B4B538008F3B6F /* focus.xcdatamodeld */; };
		895BC5AC28B4B538008F3B6F /* Assets.xcassets in Resources */ = {isa = PBXBuildFile; fileRef = 895BC5AB28B4B538008F3B6F /* Assets.xcassets */; };
		895BC5AF28B4B538008F3B6F /* LaunchScreen.storyboard in Resources */ = {isa = PBXBuildFile; fileRef = 895BC5AD28B4B538008F3B6F /* LaunchScreen.storyboard */; };
		895BC5BA28B4B538008F3B6F /* focusTests.swift in Sources */ = {isa = PBXBuildFile; fileRef = 895BC5B928B4B538008F3B6F /* focusTests.swift */; };
		895BC5C428B4B539008F3B6F /* focusUITests.swift in Sources */ = {isa = PBXBuildFile; fileRef = 895BC5C328B4B539008F3B6F /* focusUITests.swift */; };
		895BC5C628B4B539008F3B6F /* focusUITestsLaunchTests.swift in Sources */ = {isa = PBXBuildFile; fileRef = 895BC5C528B4B539008F3B6F /* focusUITestsLaunchTests.swift */; };
/* End PBXBuildFile section */

/* Begin PBXContainerItemProxy section */
		895BC5B628B4B538008F3B6F /* PBXContainerItemProxy */ = {
			isa = PBXContainerItemProxy;
			containerPortal = 895BC59428B4B538008F3B6F /* Project object */;
			proxyType = 1;
			remoteGlobalIDString = 895BC59B28B4B538008F3B6F;
			remoteInfo = focus;
		};
		895BC5C028B4B539008F3B6F /* PBXContainerItemProxy */ = {
			isa = PBXContainerItemProxy;
			containerPortal = 895BC59428B4B538008F3B6F /* Project object */;
			proxyType = 1;
			remoteGlobalIDString = 895BC59B28B4B538008F3B6F;
			remoteInfo = focus;
		};
/* End PBXContainerItemProxy section */

/* Begin PBXFileReference section */
		895BC59C28B4B538008F3B6F /* focus.app */ = {isa = PBXFileReference; explicitFileType = wrapper.application; includeInIndex = 0; path = focus.app; sourceTree = BUILT_PRODUCTS_DIR; };
		895BC59F28B4B538008F3B6F /* AppDelegate.swift */ = {isa = PBXFileReference; lastKnownFileType = sourcecode.swift; path = AppDelegate.swift; sourceTree = "<group>"; };
		895BC5A128B4B538008F3B6F /* SceneDelegate.swift */ = {isa = PBXFileReference; lastKnownFileType = sourcecode.swift; path = SceneDelegate.swift; sourceTree = "<group>"; };
		895BC5A328B4B538008F3B6F /* ViewController.swift */ = {isa = PBXFileReference; lastKnownFileType = sourcecode.swift; path = ViewController.swift; sourceTree = "<group>"; };
		895BC5A628B4B538008F3B6F /* Base */ = {isa = PBXFileReference; lastKnownFileType = file.storyboard; name = Base; path = Base.lproj/Main.storyboard; sourceTree = "<group>"; };
		895BC5A928B4B538008F3B6F /* focus.xcdatamodel */ = {isa = PBXFileReference; lastKnownFileType = wrapper.xcdatamodel; path = focus.xcdatamodel; sourceTree = "<group>"; };
		895BC5AB28B4B538008F3B6F /* Assets.xcassets */ = {isa = PBXFileReference; lastKnownFileType = folder.assetcatalog; path = Assets.xcassets; sourceTree = "<group>"; };
		895BC5AE28B4B538008F3B6F /* Base */ = {isa = PBXFileReference; lastKnownFileType = file.storyboard; name = Base; path = Base.lproj/LaunchScreen.storyboard; sourceTree = "<group>"; };
		895BC5B028B4B538008F3B6F /* Info.plist */ = {isa = PBXFileReference; lastKnownFileType = text.plist.xml; path = Info.plist; sourceTree = "<group>"; };
		895BC5B528B4B538008F3B6F /* focusTests.xctest */ = {isa = PBXFileReference; explicitFileType = wrapper.cfbundle; includeInIndex = 0; path = focusTests.xctest; sourceTree = BUILT_PRODUCTS_DIR; };
		895BC5B928B4B538008F3B6F /* focusTests.swift */ = {isa = PBXFileReference; lastKnownFileType = sourcecode.swift; path = focusTests.swift; sourceTree = "<group>"; };
		895BC5BF28B4B539008F3B6F /* focusUITests.xctest */ = {isa = PBXFileReference; explicitFileType = wrapper.cfbundle; includeInIndex = 0; path = focusUITests.xctest; sourceTree = BUILT_PRODUCTS_DIR; };
		895BC5C328B4B539008F3B6F /* focusUITests.swift */ = {isa = PBXFileReference; lastKnownFileType = sourcecode.swift; path = focusUITests.swift; sourceTree = "<group>"; };
		895BC5C528B4B539008F3B6F /* focusUITestsLaunchTests.swift */ = {isa = PBXFileReference; lastKnownFileType = sourcecode.swift; path = focusUITestsLaunchTests.swift; sourceTree = "<group>"; };
/* End PBXFileReference section */

/* Begin PBXFrameworksBuildPhase section */
		895BC59928B4B538008F3B6F /* Frameworks */ = {
			isa = PBXFrameworksBuildPhase;
			buildActionMask = 2147483647;
			files = (
			);
			runOnlyForDeploymentPostprocessing = 0;
		};
		895BC5B228B4B538008F3B6F /* Frameworks */ = {
			isa = PBXFrameworksBuildPhase;
			buildActionMask = 2147483647;
			files = (
			);
			runOnlyForDeploymentPostprocessing = 0;
		};
		895BC5BC28B4B539008F3B6F /* Frameworks */ = {
			isa = PBXFrameworksBuildPhase;
			buildActionMask = 2147483647;
			files = (
			);
			runOnlyForDeploymentPostprocessing = 0;
		};
/* End PBXFrameworksBuildPhase section */

/* Begin PBXGroup section */
		895BC59328B4B538008F3B6F = {
			isa = PBXGroup;
			children = (
				895BC59E28B4B538008F3B6F /* focus */,
				895BC5B828B4B538008F3B6F /* focusTests */,
				895BC5C228B4B539008F3B6F /* focusUITests */,
				895BC59D28B4B538008F3B6F /* Products */,
			);
			sourceTree = "<group>";
		};
		895BC59D28B4B538008F3B6F /* Products */ = {
			isa = PBXGroup;
			children = (
				895BC59C28B4B538008F3B6F /* focus.app */,
				895BC5B528B4B538008F3B6F /* focusTests.xctest */,
				895BC5BF28B4B539008F3B6F /* focusUITests.xctest */,
			);
			name = Products;
			sourceTree = "<group>";
		};
		895BC59E28B4B538008F3B6F /* focus */ = {
			isa = PBXGroup;
			children = (
				895BC59F28B4B538008F3B6F /* AppDelegate.swift */,
				895BC5A128B4B538008F3B6F /* SceneDelegate.swift */,
				895BC5A328B4B538008F3B6F /* ViewController.swift */,
				895BC5A528B4B538008F3B6F /* Main.storyboard */,
				895BC5AB28B4B538008F3B6F /* Assets.xcassets */,
				895BC5AD28B4B538008F3B6F /* LaunchScreen.storyboard */,
				895BC5B028B4B538008F3B6F /* Info.plist */,
				895BC5A828B4B538008F3B6F /* focus.xcdatamodeld */,
			);
			path = focus;
			sourceTree = "<group>";
		};
		895BC5B828B4B538008F3B6F /* focusTests */ = {
			isa = PBXGroup;
			children = (
				895BC5B928B4B538008F3B6F /* focusTests.swift */,
			);
			path = focusTests;
			sourceTree = "<group>";
		};
		895BC5C228B4B539008F3B6F /* focusUITests */ = {
			isa = PBXGroup;
			children = (
				895BC5C328B4B539008F3B6F /* focusUITests.swift */,
				895BC5C528B4B539008F3B6F /* focusUITestsLaunchTests.swift */,
			);
			path = focusUITests;
			sourceTree = "<group>";
		};
/* End PBXGroup section */

/* Begin PBXNativeTarget section */
		895BC59B28B4B538008F3B6F /* focus */ = {
			isa = PBXNativeTarget;
			buildConfigurationList = 895BC5C928B4B539008F3B6F /* Build configuration list for PBXNativeTarget "focus" */;
			buildPhases = (
				895BC59828B4B538008F3B6F /* Sources */,
				895BC59928B4B538008F3B6F /* Frameworks */,
				895BC59A28B4B538008F3B6F /* Resources */,
			);
			buildRules = (
			);
			dependencies = (
			);
			name = focus;
			productName = focus;
			productReference = 895BC59C28B4B538008F3B6F /* focus.app */;
			productType = "com.apple.product-type.application";
		};
		895BC5B428B4B538008F3B6F /* focusTests */ = {
			isa = PBXNativeTarget;
			buildConfigurationList = 895BC5CC28B4B539008F3B6F /* Build configuration list for PBXNativeTarget "focusTests" */;
			buildPhases = (
				895BC5B128B4B538008F3B6F /* Sources */,
				895BC5B228B4B538008F3B6F /* Frameworks */,
				895BC5B328B4B538008F3B6F /* Resources */,
			);
			buildRules = (
			);
			dependencies = (
				895BC5B728B4B538008F3B6F /* PBXTargetDependency */,
			);
			name = focusTests;
			productName = focusTests;
			productReference = 895BC5B528B4B538008F3B6F /* focusTests.xctest */;
			productType = "com.apple.product-type.bundle.unit-test";
		};
		895BC5BE28B4B539008F3B6F /* focusUITests */ = {
			isa = PBXNativeTarget;
			buildConfigurationList = 895BC5CF28B4B539008F3B6F /* Build configuration list for PBXNativeTarget "focusUITests" */;
			buildPhases = (
				895BC5BB28B4B539008F3B6F /* Sources */,
				895BC5BC28B4B539008F3B6F /* Frameworks */,
				895BC5BD28B4B539008F3B6F /* Resources */,
			);
			buildRules = (
			);
			dependencies = (
				895BC5C128B4B539008F3B6F /* PBXTargetDependency */,
			);
			name = focusUITests;
			productName = focusUITests;
			productReference = 895BC5BF28B4B539008F3B6F /* focusUITests.xctest */;
			productType = "com.apple.product-type.bundle.ui-testing";
		};
/* End PBXNativeTarget section */

/* Begin PBXProject section */
		895BC59428B4B538008F3B6F /* Project object */ = {
			isa = PBXProject;
			attributes = {
				BuildIndependentTargetsInParallel = 1;
				LastSwiftUpdateCheck = 1340;
				LastUpgradeCheck = 1340;
				TargetAttributes = {
					895BC59B28B4B538008F3B6F = {
						CreatedOnToolsVersion = 13.4.1;
					};
					895BC5B428B4B538008F3B6F = {
						CreatedOnToolsVersion = 13.4.1;
						TestTargetID = 895BC59B28B4B538008F3B6F;
					};
					895BC5BE28B4B539008F3B6F = {
						CreatedOnToolsVersion = 13.4.1;
						TestTargetID = 895BC59B28B4B538008F3B6F;
					};
				};
			};
			buildConfigurationList = 895BC59728B4B538008F3B6F /* Build configuration list for PBXProject "focus" */;
			compatibilityVersion = "Xcode 13.0";
			developmentRegion = en;
			hasScannedForEncodings = 0;
			knownRegions = (
				en,
				Base,
			);
			mainGroup = 895BC59328B4B538008F3B6F;
			productRefGroup = 895BC59D28B4B538008F3B6F /* Products */;
			projectDirPath = "";
			projectRoot = "";
			targets = (
				895BC59B28B4B538008F3B6F /* focus */,
				895BC5B428B4B538008F3B6F /* focusTests */,
				895BC5BE28B4B539008F3B6F /* focusUITests */,
			);
		};
/* End PBXProject section */

/* Begin PBXResourcesBuildPhase section */
		895BC59A28B4B538008F3B6F /* Resources */ = {
			isa = PBXResourcesBuildPhase;
			buildActionMask = 2147483647;
			files = (
				895BC5AF28B4B538008F3B6F /* LaunchScreen.storyboard in Resources */,
				895BC5AC28B4B538008F3B6F /* Assets.xcassets in Resources */,
				895BC5A728B4B538008F3B6F /* Main.storyboard in Resources */,
			);
			runOnlyForDeploymentPostprocessing = 0;
		};
		895BC5B328B4B538008F3B6F /* Resources */ = {
			isa = PBXResourcesBuildPhase;
			buildActionMask = 2147483647;
			files = (
			);
			runOnlyForDeploymentPostprocessing = 0;
		};
		895BC5BD28B4B539008F3B6F /* Resources */ = {
			isa = PBXResourcesBuildPhase;
			buildActionMask = 2147483647;
			files = (
			);
			runOnlyForDeploymentPostprocessing = 0;
		};
/* End PBXResourcesBuildPhase section */

/* Begin PBXSourcesBuildPhase section */
		895BC59828B4B538008F3B6F /* Sources */ = {
			isa = PBXSourcesBuildPhase;
			buildActionMask = 2147483647;
			files = (
				895BC5A428B4B538008F3B6F /* ViewController.swift in Sources */,
				895BC5A028B4B538008F3B6F /* AppDelegate.swift in Sources */,
				895BC5AA28B4B538008F3B6F /* focus.xcdatamodeld in Sources */,
				895BC5A228B4B538008F3B6F /* SceneDelegate.swift in Sources */,
			);
			runOnlyForDeploymentPostprocessing = 0;
		};
		895BC5B128B4B538008F3B6F /* Sources */ = {
			isa = PBXSourcesBuildPhase;
			buildActionMask = 2147483647;
			files = (
				895BC5BA28B4B538008F3B6F /* focusTests.swift in Sources */,
			);
			runOnlyForDeploymentPostprocessing = 0;
		};
		895BC5BB28B4B539008F3B6F /* Sources */ = {
			isa = PBXSourcesBuildPhase;
			buildActionMask = 2147483647;
			files = (
				895BC5C428B4B539008F3B6F /* focusUITests.swift in Sources */,
				895BC5C628B4B539008F3B6F /* focusUITestsLaunchTests.swift in Sources */,
			);
			runOnlyForDeploymentPostprocessing = 0;
		};
/* End PBXSourcesBuildPhase section */

/* Begin PBXTargetDependency section */
		895BC5B728B4B538008F3B6F /* PBXTargetDependency */ = {
			isa = PBXTargetDependency;
			target = 895BC59B28B4B538008F3B6F /* focus */;
			targetProxy = 895BC5B628B4B538008F3B6F /* PBXContainerItemProxy */;
		};
		895BC5C128B4B539008F3B6F /* PBXTargetDependency */ = {
			isa = PBXTargetDependency;
			target = 895BC59B28B4B538008F3B6F /* focus */;
			targetProxy = 895BC5C028B4B539008F3B6F /* PBXContainerItemProxy */;
		};
/* End PBXTargetDependency section */

/* Begin PBXVariantGroup section */
		895BC5A528B4B538008F3B6F /* Main.storyboard */ = {
			isa = PBXVariantGroup;
			children = (
				895BC5A628B4B538008F3B6F /* Base */,
			);
			name = Main.storyboard;
			sourceTree = "<group>";
		};
		895BC5AD28B4B538008F3B6F /* LaunchScreen.storyboard */ = {
			isa = PBXVariantGroup;
			children = (
				895BC5AE28B4B538008F3B6F /* Base */,
			);
			name = LaunchScreen.storyboard;
			sourceTree = "<group>";
		};
/* End PBXVariantGroup section */

/* Begin XCBuildConfiguration section */
		895BC5C728B4B539008F3B6F /* Debug */ = {
			isa = XCBuildConfiguration;
			buildSettings = {
				ALWAYS_SEARCH_USER_PATHS = NO;
				CLANG_ANALYZER_NONNULL = YES;
				CLANG_ANALYZER_NUMBER_OBJECT_CONVERSION = YES_AGGRESSIVE;
				CLANG_CXX_LANGUAGE_STANDARD = "gnu++17";
				CLANG_ENABLE_MODULES = YES;
				CLANG_ENABLE_OBJC_ARC = YES;
				CLANG_ENABLE_OBJC_WEAK = YES;
				CLANG_WARN_BLOCK_CAPTURE_AUTORELEASING = YES;
				CLANG_WARN_BOOL_CONVERSION = YES;
				CLANG_WARN_COMMA = YES;
				CLANG_WARN_CONSTANT_CONVERSION = YES;
				CLANG_WARN_DEPRECATED_OBJC_IMPLEMENTATIONS = YES;
				CLANG_WARN_DIRECT_OBJC_ISA_USAGE = YES_ERROR;
				CLANG_WARN_DOCUMENTATION_COMMENTS = YES;
				CLANG_WARN_EMPTY_BODY = YES;
				CLANG_WARN_ENUM_CONVERSION = YES;
				CLANG_WARN_INFINITE_RECURSION = YES;
				CLANG_WARN_INT_CONVERSION = YES;
				CLANG_WARN_NON_LITERAL_NULL_CONVERSION = YES;
				CLANG_WARN_OBJC_IMPLICIT_RETAIN_SELF = YES;
				CLANG_WARN_OBJC_LITERAL_CONVERSION = YES;
				CLANG_WARN_OBJC_ROOT_CLASS = YES_ERROR;
				CLANG_WARN_QUOTED_INCLUDE_IN_FRAMEWORK_HEADER = YES;
				CLANG_WARN_RANGE_LOOP_ANALYSIS = YES;
				CLANG_WARN_STRICT_PROTOTYPES = YES;
				CLANG_WARN_SUSPICIOUS_MOVE = YES;
				CLANG_WARN_UNGUARDED_AVAILABILITY = YES_AGGRESSIVE;
				CLANG_WARN_UNREACHABLE_CODE = YES;
				CLANG_WARN__DUPLICATE_METHOD_MATCH = YES;
				COPY_PHASE_STRIP = NO;
				DEBUG_INFORMATION_FORMAT = dwarf;
				ENABLE_STRICT_OBJC_MSGSEND = YES;
				ENABLE_TESTABILITY = YES;
				GCC_C_LANGUAGE_STANDARD = gnu11;
				GCC_DYNAMIC_NO_PIC = NO;
				GCC_NO_COMMON_BLOCKS = YES;
				GCC_OPTIMIZATION_LEVEL = 0;
				GCC_PREPROCESSOR_DEFINITIONS = (
					"DEBUG=1",
					"$(inherited)",
				);
				GCC_WARN_64_TO_32_BIT_CONVERSION = YES;
				GCC_WARN_ABOUT_RETURN_TYPE = YES_ERROR;
				GCC_WARN_UNDECLARED_SELECTOR = YES;
				GCC_WARN_UNINITIALIZED_AUTOS = YES_AGGRESSIVE;
				GCC_WARN_UNUSED_FUNCTION = YES;
				GCC_WARN_UNUSED_VARIABLE = YES;
				IPHONEOS_DEPLOYMENT_TARGET = 15.5;
				MTL_ENABLE_DEBUG_INFO = INCLUDE_SOURCE;
				MTL_FAST_MATH = YES;
				ONLY_ACTIVE_ARCH = YES;
				SDKROOT = iphoneos;
				SWIFT_ACTIVE_COMPILATION_CONDITIONS = DEBUG;
				SWIFT_OPTIMIZATION_LEVEL = "-Onone";
			};
			name = Debug;
		};
		895BC5C828B4B539008F3B6F /* Release */ = {
			isa = XCBuildConfiguration;
			buildSettings = {
				ALWAYS_SEARCH_USER_PATHS = NO;
				CLANG_ANALYZER_NONNULL = YES;
				CLANG_ANALYZER_NUMBER_OBJECT_CONVERSION = YES_AGGRESSIVE;
				CLANG_CXX_LANGUAGE_STANDARD = "gnu++17";
				CLANG_ENABLE_MODULES = YES;
				CLANG_ENABLE_OBJC_ARC = YES;
				CLANG_ENABLE_OBJC_WEAK = YES;
				CLANG_WARN_BLOCK_CAPTURE_AUTORELEASING = YES;
				CLANG_WARN_BOOL_CONVERSION = YES;
				CLANG_WARN_COMMA = YES;
				CLANG_WARN_CONSTANT_CONVERSION = YES;
				CLANG_WARN_DEPRECATED_OBJC_IMPLEMENTATIONS = YES;
				CLANG_WARN_DIRECT_OBJC_ISA_USAGE = YES_ERROR;
				CLANG_WARN_DOCUMENTATION_COMMENTS = YES;
				CLANG_WARN_EMPTY_BODY = YES;
				CLANG_WARN_ENUM_CONVERSION = YES;
				CLANG_WARN_INFINITE_RECURSION = YES;
				CLANG_WARN_INT_CONVERSION = YES;
				CLANG_WARN_NON_LITERAL_NULL_CONVERSION = YES;
				CLANG_WARN_OBJC_IMPLICIT_RETAIN_SELF = YES;
				CLANG_WARN_OBJC_LITERAL_CONVERSION = YES;
				CLANG_WARN_OBJC_ROOT_CLASS = YES_ERROR;
				CLANG_WARN_QUOTED_INCLUDE_IN_FRAMEWORK_HEADER = YES;
				CLANG_WARN_RANGE_LOOP_ANALYSIS = YES;
				CLANG_WARN_STRICT_PROTOTYPES = YES;
				CLANG_WARN_SUSPICIOUS_MOVE = YES;
				CLANG_WARN_UNGUARDED_AVAILABILITY = YES_AGGRESSIVE;
				CLANG_WARN_UNREACHABLE_CODE = YES;
				CLANG_WARN__DUPLICATE_METHOD_MATCH = YES;
				COPY_PHASE_STRIP = NO;
				DEBUG_INFORMATION_FORMAT = "dwarf-with-dsym";
				ENABLE_NS_ASSERTIONS = NO;
				ENABLE_STRICT_OBJC_MSGSEND = YES;
				GCC_C_LANGUAGE_STANDARD = gnu11;
				GCC_NO_COMMON_BLOCKS = YES;
				GCC_WARN_64_TO_32_BIT_CONVERSION = YES;
				GCC_WARN_ABOUT_RETURN_TYPE = YES_ERROR;
				GCC_WARN_UNDECLARED_SELECTOR = YES;
				GCC_WARN_UNINITIALIZED_AUTOS = YES_AGGRESSIVE;
				GCC_WARN_UNUSED_FUNCTION = YES;
				GCC_WARN_UNUSED_VARIABLE = YES;
				IPHONEOS_DEPLOYMENT_TARGET = 15.5;
				MTL_ENABLE_DEBUG_INFO = NO;
				MTL_FAST_MATH = YES;
				SDKROOT = iphoneos;
				SWIFT_COMPILATION_MODE = wholemodule;
				SWIFT_OPTIMIZATION_LEVEL = "-O";
				VALIDATE_PRODUCT = YES;
			};
			name = Release;
		};
		895BC5CA28B4B539008F3B6F /* Debug */ = {
			isa = XCBuildConfiguration;
			buildSettings = {
				ASSETCATALOG_COMPILER_APPICON_NAME = AppIcon;
				ASSETCATALOG_COMPILER_GLOBAL_ACCENT_COLOR_NAME = AccentColor;
				CODE_SIGN_STYLE = Automatic;
				CURRENT_PROJECT_VERSION = 1;
				DEVELOPMENT_TEAM = 4M3G6V2659;
				GENERATE_INFOPLIST_FILE = YES;
				INFOPLIST_FILE = focus/Info.plist;
				INFOPLIST_KEY_UIApplicationSupportsIndirectInputEvents = YES;
				INFOPLIST_KEY_UILaunchStoryboardName = LaunchScreen;
				INFOPLIST_KEY_UIMainStoryboardFile = Main;
				INFOPLIST_KEY_UISupportedInterfaceOrientations_iPad = "UIInterfaceOrientationPortrait UIInterfaceOrientationPortraitUpsideDown UIInterfaceOrientationLandscapeLeft UIInterfaceOrientationLandscapeRight";
				INFOPLIST_KEY_UISupportedInterfaceOrientations_iPhone = "UIInterfaceOrientationPortrait UIInterfaceOrientationLandscapeLeft UIInterfaceOrientationLandscapeRight";
				LD_RUNPATH_SEARCH_PATHS = (
					"$(inherited)",
					"@executable_path/Frameworks",
				);
				MARKETING_VERSION = 1.0;
				PRODUCT_BUNDLE_IDENTIFIER = com.biz20choi.focus;
				PRODUCT_NAME = "$(TARGET_NAME)";
				SWIFT_EMIT_LOC_STRINGS = YES;
				SWIFT_VERSION = 5.0;
				TARGETED_DEVICE_FAMILY = "1,2";
			};
			name = Debug;
		};
		895BC5CB28B4B539008F3B6F /* Release */ = {
			isa = XCBuildConfiguration;
			buildSettings = {
				ASSETCATALOG_COMPILER_APPICON_NAME = AppIcon;
				ASSETCATALOG_COMPILER_GLOBAL_ACCENT_COLOR_NAME = AccentColor;
				CODE_SIGN_STYLE = Automatic;
				CURRENT_PROJECT_VERSION = 1;
				DEVELOPMENT_TEAM = 4M3G6V2659;
				GENERATE_INFOPLIST_FILE = YES;
				INFOPLIST_FILE = focus/Info.plist;
				INFOPLIST_KEY_UIApplicationSupportsIndirectInputEvents = YES;
				INFOPLIST_KEY_UILaunchStoryboardName = LaunchScreen;
				INFOPLIST_KEY_UIMainStoryboardFile = Main;
				INFOPLIST_KEY_UISupportedInterfaceOrientations_iPad = "UIInterfaceOrientationPortrait UIInterfaceOrientationPortraitUpsideDown UIInterfaceOrientationLandscapeLeft UIInterfaceOrientationLandscapeRight";
				INFOPLIST_KEY_UISupportedInterfaceOrientations_iPhone = "UIInterfaceOrientationPortrait UIInterfaceOrientationLandscapeLeft UIInterfaceOrientationLandscapeRight";
				LD_RUNPATH_SEARCH_PATHS = (
					"$(inherited)",
					"@executable_path/Frameworks",
				);
				MARKETING_VERSION = 1.0;
				PRODUCT_BUNDLE_IDENTIFIER = com.biz20choi.focus;
				PRODUCT_NAME = "$(TARGET_NAME)";
				SWIFT_EMIT_LOC_STRINGS = YES;
				SWIFT_VERSION = 5.0;
				TARGETED_DEVICE_FAMILY = "1,2";
			};
			name = Release;
		};
		895BC5CD28B4B539008F3B6F /* Debug */ = {
			isa = XCBuildConfiguration;
			buildSettings = {
				ALWAYS_EMBED_SWIFT_STANDARD_LIBRARIES = YES;
				BUNDLE_LOADER = "$(TEST_HOST)";
				CODE_SIGN_STYLE = Automatic;
				CURRENT_PROJECT_VERSION = 1;
				DEVELOPMENT_TEAM = 4M3G6V2659;
				GENERATE_INFOPLIST_FILE = YES;
				IPHONEOS_DEPLOYMENT_TARGET = 15.5;
				MARKETING_VERSION = 1.0;
				PRODUCT_BUNDLE_IDENTIFIER = com.biz20choi.focusTests;
				PRODUCT_NAME = "$(TARGET_NAME)";
				SWIFT_EMIT_LOC_STRINGS = NO;
				SWIFT_VERSION = 5.0;
				TARGETED_DEVICE_FAMILY = "1,2";
				TEST_HOST = "$(BUILT_PRODUCTS_DIR)/focus.app/focus";
			};
			name = Debug;
		};
		895BC5CE28B4B539008F3B6F /* Release */ = {
			isa = XCBuildConfiguration;
			buildSettings = {
				ALWAYS_EMBED_SWIFT_STANDARD_LIBRARIES = YES;
				BUNDLE_LOADER = "$(TEST_HOST)";
				CODE_SIGN_STYLE = Automatic;
				CURRENT_PROJECT_VERSION = 1;
				DEVELOPMENT_TEAM = 4M3G6V2659;
				GENERATE_INFOPLIST_FILE = YES;
				IPHONEOS_DEPLOYMENT_TARGET = 15.5;
				MARKETING_VERSION = 1.0;
				PRODUCT_BUNDLE_IDENTIFIER = com.biz20choi.focusTests;
				PRODUCT_NAME = "$(TARGET_NAME)";
				SWIFT_EMIT_LOC_STRINGS = NO;
				SWIFT_VERSION = 5.0;
				TARGETED_DEVICE_FAMILY = "1,2";
				TEST_HOST = "$(BUILT_PRODUCTS_DIR)/focus.app/focus";
			};
			name = Release;
		};
		895BC5D028B4B539008F3B6F /* Debug */ = {
			isa = XCBuildConfiguration;
			buildSettings = {
				ALWAYS_EMBED_SWIFT_STANDARD_LIBRARIES = YES;
				CODE_SIGN_STYLE = Automatic;
				CURRENT_PROJECT_VERSION = 1;
				DEVELOPMENT_TEAM = 4M3G6V2659;
				GENERATE_INFOPLIST_FILE = YES;
				MARKETING_VERSION = 1.0;
				PRODUCT_BUNDLE_IDENTIFIER = com.biz20choi.focusUITests;
				PRODUCT_NAME = "$(TARGET_NAME)";
				SWIFT_EMIT_LOC_STRINGS = NO;
				SWIFT_VERSION = 5.0;
				TARGETED_DEVICE_FAMILY = "1,2";
				TEST_TARGET_NAME = focus;
			};
			name = Debug;
		};
		895BC5D128B4B539008F3B6F /* Release */ = {
			isa = XCBuildConfiguration;
			buildSettings = {
				ALWAYS_EMBED_SWIFT_STANDARD_LIBRARIES = YES;
				CODE_SIGN_STYLE = Automatic;
				CURRENT_PROJECT_VERSION = 1;
				DEVELOPMENT_TEAM = 4M3G6V2659;
				GENERATE_INFOPLIST_FILE = YES;
				MARKETING_VERSION = 1.0;
				PRODUCT_BUNDLE_IDENTIFIER = com.biz20choi.focusUITests;
				PRODUCT_NAME = "$(TARGET_NAME)";
				SWIFT_EMIT_LOC_STRINGS = NO;
				SWIFT_VERSION = 5.0;
				TARGETED_DEVICE_FAMILY = "1,2";
				TEST_TARGET_NAME = focus;
			};
			name = Release;
		};
/* End XCBuildConfiguration section */

/* Begin XCConfigurationList section */
		895BC59728B4B538008F3B6F /* Build configuration list for PBXProject "focus" */ = {
			isa = XCConfigurationList;
			buildConfigurations = (
				895BC5C728B4B539008F3B6F /* Debug */,
				895BC5C828B4B539008F3B6F /* Release */,
			);
			defaultConfigurationIsVisible = 0;
			defaultConfigurationName = Release;
		};
		895BC5C928B4B539008F3B6F /* Build configuration list for PBXNativeTarget "focus" */ = {
			isa = XCConfigurationList;
			buildConfigurations = (
				895BC5CA28B4B539008F3B6F /* Debug */,
				895BC5CB28B4B539008F3B6F /* Release */,
			);
			defaultConfigurationIsVisible = 0;
			defaultConfigurationName = Release;
		};
		895BC5CC28B4B539008F3B6F /* Build configuration list for PBXNativeTarget "focusTests" */ = {
			isa = XCConfigurationList;
			buildConfigurations = (
				895BC5CD28B4B539008F3B6F /* Debug */,
				895BC5CE28B4B539008F3B6F /* Release */,
			);
			defaultConfigurationIsVisible = 0;
			defaultConfigurationName = Release;
		};
		895BC5CF28B4B539008F3B6F /* Build configuration list for PBXNativeTarget "focusUITests" */ = {
			isa = XCConfigurationList;
			buildConfigurations = (
				895BC5D028B4B539008F3B6F /* Debug */,
				895BC5D128B4B539008F3B6F /* Release */,
			);
			defaultConfigurationIsVisible = 0;
			defaultConfigurationName = Release;
		};
/* End XCConfigurationList section */

/* Begin XCVersionGroup section */
		895BC5A828B4B538008F3B6F /* focus.xcdatamodeld */ = {
			isa = XCVersionGroup;
			children = (
				895BC5A928B4B538008F3B6F /* focus.xcdatamodel */,
			);
			currentVersion = 895BC5A928B4B538008F3B6F /* focus.xcdatamodel */;
			path = focus.xcdatamodeld;
			sourceTree = "<group>";
			versionGroupType = wrapper.xcdatamodel;
		};
/* End XCVersionGroup section */
	};
	rootObject = 895BC59428B4B538008F3B6F /* Project object */;
}
